
Microsoft Visual Studio Solution File, Format Version 12.00
# Visual Studio Version 17
VisualStudioVersion = 17.6.33815.320
MinimumVisualStudioVersion = 10.0.40219.1
Project("{FAE04EC0-301F-11D3-BF4B-00C04F79EFBC}") = "Student_data", "Student_data\Student_data.csproj", "{7841D39A-8D5D-4C39-A652-DD985E4625D3}"
EndProject
Global
	GlobalSection(SolutionConfigurationPlatforms) = preSolution
		Debug|Any CPU = Debug|Any CPU
		Release|Any CPU = Release|Any CPU
	EndGlobalSection
	GlobalSection(ProjectConfigurationPlatforms) = postSolution
		{7841D39A-8D5D-4C39-A652-DD985E4625D3}.Debug|Any CPU.ActiveCfg = Debug|Any CPU
		{7841D39A-8D5D-4C39-A652-DD985E4625D3}.Debug|Any CPU.Build.0 = Debug|Any CPU
		{7841D39A-8D5D-4C39-A652-DD985E4625D3}.Release|Any CPU.ActiveCfg = Release|Any CPU
		{7841D39A-8D5D-4C39-A652-DD985E4625D3}.Release|Any CPU.Build.0 = Release|Any CPU
	EndGlobalSection
	GlobalSection(SolutionProperties) = preSolution
		HideSolutionNode = FALSE
	EndGlobalSection
	GlobalSection(ExtensibilityGlobals) = postSolution
		SolutionGuid = {E5092387-A23F-4FBD-8C12-9AE357A68202}
	EndGlobalSection
EndGlobal
